
Microsoft Visual Studio Solution File, Format Version 12.00
# Visual Studio Version 16
VisualStudioVersion = 16.0.28803.916
MinimumVisualStudioVersion = 10.0.40219.1
Project("{FAE04EC0-301F-11D3-BF4B-00C04F79EFBC}") = "For_Ornekleri", "..\For_Ornekleri\For_Ornekleri.csproj", "{6694A01D-C86A-4257-B84A-71771AAECDDB}"
EndProject
Project("{FAE04EC0-301F-11D3-BF4B-00C04F79EFBC}") = "For_Ornekleri1", "For_Ornekleri1\For_Ornekleri1.csproj", "{1C8B23F6-671C-4D8E-B9DD-100DD7D8CDCB}"
EndProject
Global
	GlobalSection(SolutionConfigurationPlatforms) = preSolution
		Debug|Any CPU = Debug|Any CPU
		Release|Any CPU = Release|Any CPU
	EndGlobalSection
	GlobalSection(ProjectConfigurationPlatforms) = postSolution
		{6694A01D-C86A-4257-B84A-71771AAECDDB}.Debug|Any CPU.ActiveCfg = Debug|Any CPU
		{6694A01D-C86A-4257-B84A-71771AAECDDB}.Debug|Any CPU.Build.0 = Debug|Any CPU
		{6694A01D-C86A-4257-B84A-71771AAECDDB}.Release|Any CPU.ActiveCfg = Release|Any CPU
		{6694A01D-C86A-4257-B84A-71771AAECDDB}.Release|Any CPU.Build.0 = Release|Any CPU
		{1C8B23F6-671C-4D8E-B9DD-100DD7D8CDCB}.Debug|Any CPU.ActiveCfg = Debug|Any CPU
		{1C8B23F6-671C-4D8E-B9DD-100DD7D8CDCB}.Debug|Any CPU.Build.0 = Debug|Any CPU
		{1C8B23F6-671C-4D8E-B9DD-100DD7D8CDCB}.Release|Any CPU.ActiveCfg = Release|Any CPU
		{1C8B23F6-671C-4D8E-B9DD-100DD7D8CDCB}.Release|Any CPU.Build.0 = Release|Any CPU
	EndGlobalSection
	GlobalSection(SolutionProperties) = preSolution
		HideSolutionNode = FALSE
	EndGlobalSection
	GlobalSection(ExtensibilityGlobals) = postSolution
		SolutionGuid = {AA92FB59-40A6-4588-BFE9-E6B999C5BC5B}
	EndGlobalSection
EndGlobal
